// !$*UTF8*$!
{
	archiveVersion = 1;
	classes = {
	};
	objectVersion = 46;
	objects = {

/* Begin PBXFileReference section */
		53F9A12317DB7097000CDA85 /* convert.coffee */ = {isa = PBXFileReference; lastKnownFileType = text; path = convert.coffee; sourceTree = "<group>"; };
/* End PBXFileReference section */

/* Begin PBXGroup section */
		53F9A11C17DB707E000CDA85 = {
			isa = PBXGroup;
			children = (
				53F9A12417DB7237000CDA85 /* currency_converter */,
			);
			sourceTree = "<group>";
		};
		53F9A12417DB7237000CDA85 /* currency_converter */ = {
			isa = PBXGroup;
			children = (
				53F9A12317DB7097000CDA85 /* convert.coffee */,
			);
			name = currency_converter;
			sourceTree = "<group>";
		};
/* End PBXGroup section */

/* Begin PBXProject section */
		53F9A11D17DB707E000CDA85 /* Project object */ = {
			isa = PBXProject;
			attributes = {
				LastUpgradeCheck = 0460;
			};
			buildConfigurationList = 53F9A12017DB707E000CDA85 /* Build configuration list for PBXProject "Currency converter" */;
			compatibilityVersion = "Xcode 3.2";
			developmentRegion = English;
			hasScannedForEncodings = 0;
			knownRegions = (
				en,
			);
			mainGroup = 53F9A11C17DB707E000CDA85;
			projectDirPath = "";
			projectRoot = "";
			targets = (
			);
		};
/* End PBXProject section */

/* Begin XCBuildConfiguration section */
		53F9A12117DB707E000CDA85 /* Debug */ = {
			isa = XCBuildConfiguration;
			buildSettings = {
			};
			name = Debug;
		};
		53F9A12217DB707E000CDA85 /* Release */ = {
			isa = XCBuildConfiguration;
			buildSettings = {
			};
			name = Release;
		};
/* End XCBuildConfiguration section */

/* Begin XCConfigurationList section */
		53F9A12017DB707E000CDA85 /* Build configuration list for PBXProject "Currency converter" */ = {
			isa = XCConfigurationList;
			buildConfigurations = (
				53F9A12117DB707E000CDA85 /* Debug */,
				53F9A12217DB707E000CDA85 /* Release */,
			);
			defaultConfigurationIsVisible = 0;
			defaultConfigurationName = Release;
		};
/* End XCConfigurationList section */
	};
	rootObject = 53F9A11D17DB707E000CDA85 /* Project object */;
}
